// !$*UTF8*$!
{
	archiveVersion = 1;
	classes = {
	};
	objectVersion = 46;
	objects = {

/* Begin PBXBuildFile section */
		1C3A4F2D1B377F4300F7BC9F /* child.jpg in Resources */ = {isa = PBXBuildFile; fileRef = 1C3A4F2C1B377F4300F7BC9F /* child.jpg */; };
		1C9870511B34746500E54093 /* KidProfileViewController.swift in Sources */ = {isa = PBXBuildFile; fileRef = 1C9870501B34746500E54093 /* KidProfileViewController.swift */; };
		1C9870A81B36FDF700E54093 /* Pods-Psico-Kids.debug.xcconfig in Resources */ = {isa = PBXBuildFile; fileRef = 1C9870A61B36FDF700E54093 /* Pods-Psico-Kids.debug.xcconfig */; };
		1C9870A91B36FDF700E54093 /* Pods-Psico-Kids.debug.xcconfig in Resources */ = {isa = PBXBuildFile; fileRef = 1C9870A61B36FDF700E54093 /* Pods-Psico-Kids.debug.xcconfig */; };
		1C9870AA1B36FDF700E54093 /* Pods-Psico-Kids.release.xcconfig in Resources */ = {isa = PBXBuildFile; fileRef = 1C9870A71B36FDF700E54093 /* Pods-Psico-Kids.release.xcconfig */; };
		1C9870AB1B36FDF700E54093 /* Pods-Psico-Kids.release.xcconfig in Resources */ = {isa = PBXBuildFile; fileRef = 1C9870A71B36FDF700E54093 /* Pods-Psico-Kids.release.xcconfig */; };
		1C9870AD1B36FF4C00E54093 /* MagicPie.framework in Frameworks */ = {isa = PBXBuildFile; fileRef = 1C9870AC1B36FF4C00E54093 /* MagicPie.framework */; settings = {ATTRIBUTES = (Weak, ); }; };
		1C9870AF1B36FF6F00E54093 /* Pods_Psico_KidsTests.framework in Frameworks */ = {isa = PBXBuildFile; fileRef = 1C9870AE1B36FF6F00E54093 /* Pods_Psico_KidsTests.framework */; settings = {ATTRIBUTES = (Weak, ); }; };
		1CD998E61B2F69FA000968A1 /* AppDelegate.swift in Sources */ = {isa = PBXBuildFile; fileRef = 1CD998E51B2F69FA000968A1 /* AppDelegate.swift */; };
		1CD998E81B2F69FA000968A1 /* ViewController.swift in Sources */ = {isa = PBXBuildFile; fileRef = 1CD998E71B2F69FA000968A1 /* ViewController.swift */; };
		1CD998EB1B2F69FA000968A1 /* Main.storyboard in Resources */ = {isa = PBXBuildFile; fileRef = 1CD998E91B2F69FA000968A1 /* Main.storyboard */; };
		1CD998ED1B2F69FA000968A1 /* Images.xcassets in Resources */ = {isa = PBXBuildFile; fileRef = 1CD998EC1B2F69FA000968A1 /* Images.xcassets */; };
		1CD998F01B2F69FA000968A1 /* LaunchScreen.xib in Resources */ = {isa = PBXBuildFile; fileRef = 1CD998EE1B2F69FA000968A1 /* LaunchScreen.xib */; };
		1CD998FC1B2F69FA000968A1 /* Psico_KidsTests.swift in Sources */ = {isa = PBXBuildFile; fileRef = 1CD998FB1B2F69FA000968A1 /* Psico_KidsTests.swift */; };
		1CD999081B2F6B90000968A1 /* KidsTableViewController.swift in Sources */ = {isa = PBXBuildFile; fileRef = 1CD999071B2F6B90000968A1 /* KidsTableViewController.swift */; };
		1CD9990A1B2F7251000968A1 /* CreateProfileViewController.swift in Sources */ = {isa = PBXBuildFile; fileRef = 1CD999091B2F7251000968A1 /* CreateProfileViewController.swift */; };
		1CD9990C1B2F93B3000968A1 /* KidTableViewCell.swift in Sources */ = {isa = PBXBuildFile; fileRef = 1CD9990B1B2F93B3000968A1 /* KidTableViewCell.swift */; };
		1F2CEF171B30C763006B3D6D /* ObjectList.swift in Sources */ = {isa = PBXBuildFile; fileRef = 1F2CEF151B30C763006B3D6D /* ObjectList.swift */; };
		1F2CEF181B30C763006B3D6D /* Object.swift in Sources */ = {isa = PBXBuildFile; fileRef = 1F2CEF161B30C763006B3D6D /* Object.swift */; };
		1F62D6FE1B35AA8100522021 /* anel.png in Resources */ = {isa = PBXBuildFile; fileRef = 1F62D6CC1B35AA8100522021 /* anel.png */; };
		1F62D6FF1B35AA8100522021 /* árvore.png in Resources */ = {isa = PBXBuildFile; fileRef = 1F62D6CD1B35AA8100522021 /* árvore.png */; };
		1F62D7001B35AA8100522021 /* avião.png in Resources */ = {isa = PBXBuildFile; fileRef = 1F62D6CE1B35AA8100522021 /* avião.png */; };
		1F62D7011B35AA8100522021 /* balão.png in Resources */ = {isa = PBXBuildFile; fileRef = 1F62D6CF1B35AA8100522021 /* balão.png */; };
		1F62D7021B35AA8100522021 /* banana.png in Resources */ = {isa = PBXBuildFile; fileRef = 1F62D6D01B35AA8100522021 /* banana.png */; };
		1F62D7031B35AA8100522021 /* barco.png in Resources */ = {isa = PBXBuildFile; fileRef = 1F62D6D11B35AA8100522021 /* barco.png */; };
		1F62D7041B35AA8100522021 /* bicicleta.png in Resources */ = {isa = PBXBuildFile; fileRef = 1F62D6D21B35AA8100522021 /* bicicleta.png */; };
		1F62D7051B35AA8100522021 /* bola.png in Resources */ = {isa = PBXBuildFile; fileRef = 1F62D6D31B35AA8100522021 /* bola.png */; };
		1F62D7061B35AA8100522021 /* calça.png in Resources */ = {isa = PBXBuildFile; fileRef = 1F62D6D41B35AA8100522021 /* calça.png */; };
		1F62D7071B35AA8100522021 /* caminhão.png in Resources */ = {isa = PBXBuildFile; fileRef = 1F62D6D51B35AA8100522021 /* caminhão.png */; };
		1F62D7081B35AA8100522021 /* camisa.png in Resources */ = {isa = PBXBuildFile; fileRef = 1F62D6D61B35AA8100522021 /* camisa.png */; };
		1F62D7091B35AA8100522021 /* carro.png in Resources */ = {isa = PBXBuildFile; fileRef = 1F62D6D71B35AA8100522021 /* carro.png */; };
		1F62D70A1B35AA8100522021 /* casa.png in Resources */ = {isa = PBXBuildFile; fileRef = 1F62D6D81B35AA8100522021 /* casa.png */; };
		1F62D70B1B35AA8100522021 /* chapéu.png in Resources */ = {isa = PBXBuildFile; fileRef = 1F62D6D91B35AA8100522021 /* chapéu.png */; };
		1F62D70C1B35AA8100522021 /* chuva.png in Resources */ = {isa = PBXBuildFile; fileRef = 1F62D6DA1B35AA8100522021 /* chuva.png */; };
		1F62D70D1B35AA8100522021 /* coelho.png in Resources */ = {isa = PBXBuildFile; fileRef = 1F62D6DB1B35AA8100522021 /* coelho.png */; };
		1F62D70E1B35AA8100522021 /* dado.png in Resources */ = {isa = PBXBuildFile; fileRef = 1F62D6DC1B35AA8100522021 /* dado.png */; };
		1F62D70F1B35AA8100522021 /* flor.png in Resources */ = {isa = PBXBuildFile; fileRef = 1F62D6DD1B35AA8100522021 /* flor.png */; };
		1F62D7101B35AA8100522021 /* foguete.png in Resources */ = {isa = PBXBuildFile; fileRef = 1F62D6DE1B35AA8100522021 /* foguete.png */; };
		1F62D7111B35AA8100522021 /* folha.png in Resources */ = {isa = PBXBuildFile; fileRef = 1F62D6DF1B35AA8100522021 /* folha.png */; };
		1F62D7121B35AA8100522021 /* gato.png in Resources */ = {isa = PBXBuildFile; fileRef = 1F62D6E01B35AA8100522021 /* gato.png */; };
		1F62D7131B35AA8100522021 /* guarda-chuva.png in Resources */ = {isa = PBXBuildFile; fileRef = 1F62D6E11B35AA8100522021 /* guarda-chuva.png */; };
		1F62D7141B35AA8100522021 /* lápis.png in Resources */ = {isa = PBXBuildFile; fileRef = 1F62D6E21B35AA8100522021 /* lápis.png */; };
		1F62D7151B35AA8100522021 /* livro.png in Resources */ = {isa = PBXBuildFile; fileRef = 1F62D6E31B35AA8100522021 /* livro.png */; };
		1F62D7161B35AA8100522021 /* lua.png in Resources */ = {isa = PBXBuildFile; fileRef = 1F62D6E41B35AA8100522021 /* lua.png */; };
		1F62D7171B35AA8100522021 /* maçã.png in Resources */ = {isa = PBXBuildFile; fileRef = 1F62D6E51B35AA8100522021 /* maçã.png */; };
		1F62D7181B35AA8100522021 /* mala.png in Resources */ = {isa = PBXBuildFile; fileRef = 1F62D6E61B35AA8100522021 /* mala.png */; };
		1F62D7191B35AA8100522021 /* martelo.png in Resources */ = {isa = PBXBuildFile; fileRef = 1F62D6E71B35AA8100522021 /* martelo.png */; };
		1F62D71A1B35AA8100522021 /* milho.png in Resources */ = {isa = PBXBuildFile; fileRef = 1F62D6E81B35AA8100522021 /* milho.png */; };
		1F62D71B1B35AA8100522021 /* morango.png in Resources */ = {isa = PBXBuildFile; fileRef = 1F62D6E91B35AA8100522021 /* morango.png */; };
		1F62D71C1B35AA8100522021 /* nariz.png in Resources */ = {isa = PBXBuildFile; fileRef = 1F62D6EA1B35AA8100522021 /* nariz.png */; };
		1F62D71D1B35AA8100522021 /* nuvem.png in Resources */ = {isa = PBXBuildFile; fileRef = 1F62D6EB1B35AA8100522021 /* nuvem.png */; };
		1F62D71E1B35AA8100522021 /* óculos.png in Resources */ = {isa = PBXBuildFile; fileRef = 1F62D6EC1B35AA8100522021 /* óculos.png */; };
		1F62D71F1B35AA8100522021 /* olhos.png in Resources */ = {isa = PBXBuildFile; fileRef = 1F62D6ED1B35AA8100522021 /* olhos.png */; };
		1F62D7201B35AA8100522021 /* orelha.png in Resources */ = {isa = PBXBuildFile; fileRef = 1F62D6EE1B35AA8100522021 /* orelha.png */; };
		1F62D7211B35AA8100522021 /* planeta.png in Resources */ = {isa = PBXBuildFile; fileRef = 1F62D6EF1B35AA8100522021 /* planeta.png */; };
		1F62D7221B35AA8100522021 /* porco.png in Resources */ = {isa = PBXBuildFile; fileRef = 1F62D6F01B35AA8100522021 /* porco.png */; };
		1F62D7231B35AA8100522021 /* porta.png in Resources */ = {isa = PBXBuildFile; fileRef = 1F62D6F11B35AA8100522021 /* porta.png */; };
		1F62D7241B35AA8100522021 /* prédio.png in Resources */ = {isa = PBXBuildFile; fileRef = 1F62D6F21B35AA8100522021 /* prédio.png */; };
		1F62D7251B35AA8100522021 /* relógio.png in Resources */ = {isa = PBXBuildFile; fileRef = 1F62D6F31B35AA8100522021 /* relógio.png */; };
		1F62D7261B35AA8100522021 /* sapato.png in Resources */ = {isa = PBXBuildFile; fileRef = 1F62D6F41B35AA8100522021 /* sapato.png */; };
		1F62D7271B35AA8100522021 /* sol.png in Resources */ = {isa = PBXBuildFile; fileRef = 1F62D6F51B35AA8100522021 /* sol.png */; };
		1F62D7281B35AA8100522021 /* som1.png in Resources */ = {isa = PBXBuildFile; fileRef = 1F62D6F61B35AA8100522021 /* som1.png */; };
		1F62D7291B35AA8100522021 /* som2.png in Resources */ = {isa = PBXBuildFile; fileRef = 1F62D6F71B35AA8100522021 /* som2.png */; };
		1F62D72A1B35AA8100522021 /* som3.png in Resources */ = {isa = PBXBuildFile; fileRef = 1F62D6F81B35AA8100522021 /* som3.png */; };
		1F62D72B1B35AA8100522021 /* sorvete.png in Resources */ = {isa = PBXBuildFile; fileRef = 1F62D6F91B35AA8100522021 /* sorvete.png */; };
		1F62D72C1B35AA8100522021 /* tesoura.png in Resources */ = {isa = PBXBuildFile; fileRef = 1F62D6FA1B35AA8100522021 /* tesoura.png */; };
		1F62D72D1B35AA8100522021 /* troféu.png in Resources */ = {isa = PBXBuildFile; fileRef = 1F62D6FB1B35AA8100522021 /* troféu.png */; };
		1F62D72E1B35AA8100522021 /* vaca.png in Resources */ = {isa = PBXBuildFile; fileRef = 1F62D6FC1B35AA8100522021 /* vaca.png */; };
		1F62D72F1B35AA8100522021 /* vestido.png in Resources */ = {isa = PBXBuildFile; fileRef = 1F62D6FD1B35AA8100522021 /* vestido.png */; };
		1F62D7641B35B1F600522021 /* anel.mp3 in Resources */ = {isa = PBXBuildFile; fileRef = 1F62D7311B35B1F500522021 /* anel.mp3 */; };
		1F62D7651B35B1F600522021 /* árvore.mp3 in Resources */ = {isa = PBXBuildFile; fileRef = 1F62D7321B35B1F500522021 /* árvore.mp3 */; };
		1F62D7661B35B1F600522021 /* avião.mp3 in Resources */ = {isa = PBXBuildFile; fileRef = 1F62D7331B35B1F500522021 /* avião.mp3 */; };
		1F62D7671B35B1F600522021 /* balão.mp3 in Resources */ = {isa = PBXBuildFile; fileRef = 1F62D7341B35B1F500522021 /* balão.mp3 */; };
		1F62D7681B35B1F600522021 /* banana.mp3 in Resources */ = {isa = PBXBuildFile; fileRef = 1F62D7351B35B1F500522021 /* banana.mp3 */; };
		1F62D7691B35B1F600522021 /* barco.mp3 in Resources */ = {isa = PBXBuildFile; fileRef = 1F62D7361B35B1F500522021 /* barco.mp3 */; };
		1F62D76A1B35B1F600522021 /* bicicleta.mp3 in Resources */ = {isa = PBXBuildFile; fileRef = 1F62D7371B35B1F500522021 /* bicicleta.mp3 */; };
		1F62D76B1B35B1F600522021 /* bola.mp3 in Resources */ = {isa = PBXBuildFile; fileRef = 1F62D7381B35B1F500522021 /* bola.mp3 */; };
		1F62D76C1B35B1F600522021 /* calça.mp3 in Resources */ = {isa = PBXBuildFile; fileRef = 1F62D7391B35B1F500522021 /* calça.mp3 */; };
		1F62D76D1B35B1F600522021 /* caminhão.mp3 in Resources */ = {isa = PBXBuildFile; fileRef = 1F62D73A1B35B1F500522021 /* caminhão.mp3 */; };
		1F62D76E1B35B1F600522021 /* camisa.mp3 in Resources */ = {isa = PBXBuildFile; fileRef = 1F62D73B1B35B1F500522021 /* camisa.mp3 */; };
		1F62D76F1B35B1F600522021 /* carro.mp3 in Resources */ = {isa = PBXBuildFile; fileRef = 1F62D73C1B35B1F500522021 /* carro.mp3 */; };
		1F62D7701B35B1F600522021 /* casa.mp3 in Resources */ = {isa = PBXBuildFile; fileRef = 1F62D73D1B35B1F500522021 /* casa.mp3 */; };
		1F62D7711B35B1F600522021 /* chapéu.mp3 in Resources */ = {isa = PBXBuildFile; fileRef = 1F62D73E1B35B1F500522021 /* chapéu.mp3 */; };
		1F62D7721B35B1F600522021 /* chuva.mp3 in Resources */ = {isa = PBXBuildFile; fileRef = 1F62D73F1B35B1F500522021 /* chuva.mp3 */; };
		1F62D7731B35B1F600522021 /* coelho.mp3 in Resources */ = {isa = PBXBuildFile; fileRef = 1F62D7401B35B1F500522021 /* coelho.mp3 */; };
		1F62D7741B35B1F600522021 /* dado.mp3 in Resources */ = {isa = PBXBuildFile; fileRef = 1F62D7411B35B1F500522021 /* dado.mp3 */; };
		1F62D7751B35B1F600522021 /* flor.mp3 in Resources */ = {isa = PBXBuildFile; fileRef = 1F62D7421B35B1F500522021 /* flor.mp3 */; };
		1F62D7761B35B1F600522021 /* foguete.mp3 in Resources */ = {isa = PBXBuildFile; fileRef = 1F62D7431B35B1F500522021 /* foguete.mp3 */; };
		1F62D7771B35B1F600522021 /* folha.mp3 in Resources */ = {isa = PBXBuildFile; fileRef = 1F62D7441B35B1F500522021 /* folha.mp3 */; };
		1F62D7781B35B1F600522021 /* frase1.mp3 in Resources */ = {isa = PBXBuildFile; fileRef = 1F62D7451B35B1F500522021 /* frase1.mp3 */; };
		1F62D7791B35B1F600522021 /* frase2.mp3 in Resources */ = {isa = PBXBuildFile; fileRef = 1F62D7461B35B1F500522021 /* frase2.mp3 */; };
		1F62D77A1B35B1F600522021 /* frase3.mp3 in Resources */ = {isa = PBXBuildFile; fileRef = 1F62D7471B35B1F500522021 /* frase3.mp3 */; };
		1F62D77B1B35B1F600522021 /* frase4.mp3 in Resources */ = {isa = PBXBuildFile; fileRef = 1F62D7481B35B1F500522021 /* frase4.mp3 */; };
		1F62D77C1B35B1F600522021 /* gato.mp3 in Resources */ = {isa = PBXBuildFile; fileRef = 1F62D7491B35B1F500522021 /* gato.mp3 */; };
		1F62D77D1B35B1F600522021 /* guarda-chuva.mp3 in Resources */ = {isa = PBXBuildFile; fileRef = 1F62D74A1B35B1F500522021 /* guarda-chuva.mp3 */; };
		1F62D77E1B35B1F600522021 /* lápis.mp3 in Resources */ = {isa = PBXBuildFile; fileRef = 1F62D74B1B35B1F500522021 /* lápis.mp3 */; };
		1F62D77F1B35B1F600522021 /* livro.mp3 in Resources */ = {isa = PBXBuildFile; fileRef = 1F62D74C1B35B1F500522021 /* livro.mp3 */; };
		1F62D7801B35B1F600522021 /* lua.mp3 in Resources */ = {isa = PBXBuildFile; fileRef = 1F62D74D1B35B1F500522021 /* lua.mp3 */; };
		1F62D7811B35B1F600522021 /* maçã.mp3 in Resources */ = {isa = PBXBuildFile; fileRef = 1F62D74E1B35B1F500522021 /* maçã.mp3 */; };
		1F62D7821B35B1F600522021 /* mala.mp3 in Resources */ = {isa = PBXBuildFile; fileRef = 1F62D74F1B35B1F500522021 /* mala.mp3 */; };
		1F62D7831B35B1F600522021 /* martelo.mp3 in Resources */ = {isa = PBXBuildFile; fileRef = 1F62D7501B35B1F500522021 /* martelo.mp3 */; };
		1F62D7841B35B1F600522021 /* milho.mp3 in Resources */ = {isa = PBXBuildFile; fileRef = 1F62D7511B35B1F500522021 /* milho.mp3 */; };
		1F62D7851B35B1F600522021 /* morango.mp3 in Resources */ = {isa = PBXBuildFile; fileRef = 1F62D7521B35B1F500522021 /* morango.mp3 */; };
		1F62D7861B35B1F600522021 /* nuvem.mp3 in Resources */ = {isa = PBXBuildFile; fileRef = 1F62D7531B35B1F500522021 /* nuvem.mp3 */; };
		1F62D7871B35B1F600522021 /* óculos.mp3 in Resources */ = {isa = PBXBuildFile; fileRef = 1F62D7541B35B1F500522021 /* óculos.mp3 */; };
		1F62D7881B35B1F600522021 /* olhos.mp3 in Resources */ = {isa = PBXBuildFile; fileRef = 1F62D7551B35B1F600522021 /* olhos.mp3 */; };
		1F62D7891B35B1F600522021 /* orelha.mp3 in Resources */ = {isa = PBXBuildFile; fileRef = 1F62D7561B35B1F600522021 /* orelha.mp3 */; };
		1F62D78A1B35B1F600522021 /* planeta.mp3 in Resources */ = {isa = PBXBuildFile; fileRef = 1F62D7571B35B1F600522021 /* planeta.mp3 */; };
		1F62D78B1B35B1F600522021 /* porco.mp3 in Resources */ = {isa = PBXBuildFile; fileRef = 1F62D7581B35B1F600522021 /* porco.mp3 */; };
		1F62D78C1B35B1F600522021 /* porta.mp3 in Resources */ = {isa = PBXBuildFile; fileRef = 1F62D7591B35B1F600522021 /* porta.mp3 */; };
		1F62D78D1B35B1F600522021 /* prédio.mp3 in Resources */ = {isa = PBXBuildFile; fileRef = 1F62D75A1B35B1F600522021 /* prédio.mp3 */; };
		1F62D78E1B35B1F600522021 /* relógio.mp3 in Resources */ = {isa = PBXBuildFile; fileRef = 1F62D75B1B35B1F600522021 /* relógio.mp3 */; };
		1F62D78F1B35B1F600522021 /* sapato.mp3 in Resources */ = {isa = PBXBuildFile; fileRef = 1F62D75C1B35B1F600522021 /* sapato.mp3 */; };
		1F62D7901B35B1F600522021 /* sol.mp3 in Resources */ = {isa = PBXBuildFile; fileRef = 1F62D75D1B35B1F600522021 /* sol.mp3 */; };
		1F62D7911B35B1F600522021 /* sorvete.mp3 in Resources */ = {isa = PBXBuildFile; fileRef = 1F62D75E1B35B1F600522021 /* sorvete.mp3 */; };
		1F62D7921B35B1F600522021 /* tesoura.mp3 in Resources */ = {isa = PBXBuildFile; fileRef = 1F62D75F1B35B1F600522021 /* tesoura.mp3 */; };
		1F62D7931B35B1F600522021 /* troféu.mp3 in Resources */ = {isa = PBXBuildFile; fileRef = 1F62D7601B35B1F600522021 /* troféu.mp3 */; };
		1F62D7941B35B1F600522021 /* vaca.mp3 in Resources */ = {isa = PBXBuildFile; fileRef = 1F62D7611B35B1F600522021 /* vaca.mp3 */; };
		1F62D7951B35B1F600522021 /* vestido.mp3 in Resources */ = {isa = PBXBuildFile; fileRef = 1F62D7621B35B1F600522021 /* vestido.mp3 */; };
		1F62D7961B35B1F600522021 /* xícara.mp3 in Resources */ = {isa = PBXBuildFile; fileRef = 1F62D7631B35B1F600522021 /* xícara.mp3 */; };
		1F62D7981B35C0A300522021 /* xícara.png in Resources */ = {isa = PBXBuildFile; fileRef = 1F62D7971B35C0A300522021 /* xícara.png */; };
		1F74A4051B38C9A100C40710 /* Child.swift in Sources */ = {isa = PBXBuildFile; fileRef = 1F74A4041B38C9A100C40710 /* Child.swift */; };
		1FE0E8BF1B3841C1002984D7 /* Functions.swift in Sources */ = {isa = PBXBuildFile; fileRef = 1FE0E8BE1B3841C1002984D7 /* Functions.swift */; };
		1FE92A281B34DCAB00D96A15 /* CHUBBY.TTF in Resources */ = {isa = PBXBuildFile; fileRef = 1FE92A271B34DC9900D96A15 /* CHUBBY.TTF */; };
		3357A676F696D40E73491E79 /* Pods.framework in Frameworks */ = {isa = PBXBuildFile; fileRef = 55F556C33CECEDD25E7DD652 /* Pods.framework */; settings = {ATTRIBUTES = (Weak, ); }; };
		6C7C34A11B390BD8007DCC41 /* option_circle.png in Resources */ = {isa = PBXBuildFile; fileRef = 6C7C34A01B390BD8007DCC41 /* option_circle.png */; };
		6C7C34A31B390C3A007DCC41 /* bg_textura.png in Resources */ = {isa = PBXBuildFile; fileRef = 6C7C34A21B390C3A007DCC41 /* bg_textura.png */; };
		6CC7CA8A1B38436C00045F23 /* marca.jpg in Resources */ = {isa = PBXBuildFile; fileRef = 6CC7CA891B38436C00045F23 /* marca.jpg */; };
		A4055622520074DF462E617C /* Pods_Psico_KidsTests.framework in Frameworks */ = {isa = PBXBuildFile; fileRef = 9136F11B6A22A9A9DD2C017D /* Pods_Psico_KidsTests.framework */; settings = {ATTRIBUTES = (Weak, ); }; };
		E43B17F11B30D1F5004EDDAD /* objects.json in Resources */ = {isa = PBXBuildFile; fileRef = E43B17F01B30D1F5004EDDAD /* objects.json */; };
		E49121411B30B2E000B4DBAD /* QuizViewController.swift in Sources */ = {isa = PBXBuildFile; fileRef = E49121401B30B2E000B4DBAD /* QuizViewController.swift */; };
		E49121451B30B44400B4DBAD /* FileManager.swift in Sources */ = {isa = PBXBuildFile; fileRef = E49121441B30B44400B4DBAD /* FileManager.swift */; };
		E49885B31B348EE100A5AFEC /* QuestionRecord.swift in Sources */ = {isa = PBXBuildFile; fileRef = E49885B21B348EE100A5AFEC /* QuestionRecord.swift */; };
		FA7C5931E4D200736AC9BE67 /* Pods_Psico_Kids.framework in Frameworks */ = {isa = PBXBuildFile; fileRef = AB967F466B5751415E7F2FC3 /* Pods_Psico_Kids.framework */; settings = {ATTRIBUTES = (Weak, ); }; };
/* End PBXBuildFile section */

/* Begin PBXContainerItemProxy section */
		1CD998F61B2F69FA000968A1 /* PBXContainerItemProxy */ = {
			isa = PBXContainerItemProxy;
			containerPortal = 1CD998D81B2F69FA000968A1 /* Project object */;
			proxyType = 1;
			remoteGlobalIDString = 1CD998DF1B2F69FA000968A1;
			remoteInfo = "Psico-Kids";
		};
/* End PBXContainerItemProxy section */

/* Begin PBXFileReference section */
		1C3A4F2C1B377F4300F7BC9F /* child.jpg */ = {isa = PBXFileReference; lastKnownFileType = image.jpeg; path = child.jpg; sourceTree = "<group>"; };
		1C9870501B34746500E54093 /* KidProfileViewController.swift */ = {isa = PBXFileReference; fileEncoding = 4; lastKnownFileType = sourcecode.swift; path = KidProfileViewController.swift; sourceTree = "<group>"; };
		1C9870531B347DF400E54093 /* BringingHeader.h */ = {isa = PBXFileReference; lastKnownFileType = sourcecode.c.h; path = BringingHeader.h; sourceTree = "<group>"; };
		1C9870A61B36FDF700E54093 /* Pods-Psico-Kids.debug.xcconfig */ = {isa = PBXFileReference; fileEncoding = 4; lastKnownFileType = text.xcconfig; name = "Pods-Psico-Kids.debug.xcconfig"; path = "Pods/Target Support Files/Pods-Psico-Kids/Pods-Psico-Kids.debug.xcconfig"; sourceTree = "<group>"; };
		1C9870A71B36FDF700E54093 /* Pods-Psico-Kids.release.xcconfig */ = {isa = PBXFileReference; fileEncoding = 4; lastKnownFileType = text.xcconfig; name = "Pods-Psico-Kids.release.xcconfig"; path = "Pods/Target Support Files/Pods-Psico-Kids/Pods-Psico-Kids.release.xcconfig"; sourceTree = "<group>"; };
		1C9870AC1B36FF4C00E54093 /* MagicPie.framework */ = {isa = PBXFileReference; lastKnownFileType = wrapper.framework; name = MagicPie.framework; path = "Pods/../build/Debug-iphoneos/Pods-Psico-Kids/MagicPie.framework"; sourceTree = "<group>"; };
		1C9870AE1B36FF6F00E54093 /* Pods_Psico_KidsTests.framework */ = {isa = PBXFileReference; lastKnownFileType = wrapper.framework; name = Pods_Psico_KidsTests.framework; path = "Pods/../build/Debug-iphoneos/Pods_Psico_KidsTests.framework"; sourceTree = "<group>"; };
		1CD998E01B2F69FA000968A1 /* Psico-Kids.app */ = {isa = PBXFileReference; explicitFileType = wrapper.application; includeInIndex = 0; path = "Psico-Kids.app"; sourceTree = BUILT_PRODUCTS_DIR; };
		1CD998E41B2F69FA000968A1 /* Info.plist */ = {isa = PBXFileReference; lastKnownFileType = text.plist.xml; path = Info.plist; sourceTree = "<group>"; };
		1CD998E51B2F69FA000968A1 /* AppDelegate.swift */ = {isa = PBXFileReference; lastKnownFileType = sourcecode.swift; path = AppDelegate.swift; sourceTree = "<group>"; };
		1CD998E71B2F69FA000968A1 /* ViewController.swift */ = {isa = PBXFileReference; lastKnownFileType = sourcecode.swift; path = ViewController.swift; sourceTree = "<group>"; };
		1CD998EA1B2F69FA000968A1 /* Base */ = {isa = PBXFileReference; lastKnownFileType = file.storyboard; name = Base; path = Base.lproj/Main.storyboard; sourceTree = "<group>"; };
		1CD998EC1B2F69FA000968A1 /* Images.xcassets */ = {isa = PBXFileReference; lastKnownFileType = folder.assetcatalog; path = Images.xcassets; sourceTree = "<group>"; };
		1CD998EF1B2F69FA000968A1 /* Base */ = {isa = PBXFileReference; lastKnownFileType = file.xib; name = Base; path = Base.lproj/LaunchScreen.xib; sourceTree = "<group>"; };
		1CD998F51B2F69FA000968A1 /* Psico-KidsTests.xctest */ = {isa = PBXFileReference; explicitFileType = wrapper.cfbundle; includeInIndex = 0; path = "Psico-KidsTests.xctest"; sourceTree = BUILT_PRODUCTS_DIR; };
		1CD998FA1B2F69FA000968A1 /* Info.plist */ = {isa = PBXFileReference; lastKnownFileType = text.plist.xml; path = Info.plist; sourceTree = "<group>"; };
		1CD998FB1B2F69FA000968A1 /* Psico_KidsTests.swift */ = {isa = PBXFileReference; lastKnownFileType = sourcecode.swift; path = Psico_KidsTests.swift; sourceTree = "<group>"; };
		1CD999071B2F6B90000968A1 /* KidsTableViewController.swift */ = {isa = PBXFileReference; fileEncoding = 4; lastKnownFileType = sourcecode.swift; path = KidsTableViewController.swift; sourceTree = "<group>"; };
		1CD999091B2F7251000968A1 /* CreateProfileViewController.swift */ = {isa = PBXFileReference; fileEncoding = 4; lastKnownFileType = sourcecode.swift; path = CreateProfileViewController.swift; sourceTree = "<group>"; };
		1CD9990B1B2F93B3000968A1 /* KidTableViewCell.swift */ = {isa = PBXFileReference; fileEncoding = 4; lastKnownFileType = sourcecode.swift; path = KidTableViewCell.swift; sourceTree = "<group>"; };
		1F2CEF151B30C763006B3D6D /* ObjectList.swift */ = {isa = PBXFileReference; fileEncoding = 4; lastKnownFileType = sourcecode.swift; path = ObjectList.swift; sourceTree = "<group>"; };
		1F2CEF161B30C763006B3D6D /* Object.swift */ = {isa = PBXFileReference; fileEncoding = 4; lastKnownFileType = sourcecode.swift; path = Object.swift; sourceTree = "<group>"; };
		1F62D6CC1B35AA8100522021 /* anel.png */ = {isa = PBXFileReference; lastKnownFileType = image.png; path = anel.png; sourceTree = "<group>"; };
		1F62D6CD1B35AA8100522021 /* árvore.png */ = {isa = PBXFileReference; lastKnownFileType = image.png; path = "árvore.png"; sourceTree = "<group>"; };
		1F62D6CE1B35AA8100522021 /* avião.png */ = {isa = PBXFileReference; lastKnownFileType = image.png; path = "avião.png"; sourceTree = "<group>"; };
		1F62D6CF1B35AA8100522021 /* balão.png */ = {isa = PBXFileReference; lastKnownFileType = image.png; path = "balão.png"; sourceTree = "<group>"; };
		1F62D6D01B35AA8100522021 /* banana.png */ = {isa = PBXFileReference; lastKnownFileType = image.png; path = banana.png; sourceTree = "<group>"; };
		1F62D6D11B35AA8100522021 /* barco.png */ = {isa = PBXFileReference; lastKnownFileType = image.png; path = barco.png; sourceTree = "<group>"; };
		1F62D6D21B35AA8100522021 /* bicicleta.png */ = {isa = PBXFileReference; lastKnownFileType = image.png; path = bicicleta.png; sourceTree = "<group>"; };
		1F62D6D31B35AA8100522021 /* bola.png */ = {isa = PBXFileReference; lastKnownFileType = image.png; path = bola.png; sourceTree = "<group>"; };
		1F62D6D41B35AA8100522021 /* calça.png */ = {isa = PBXFileReference; lastKnownFileType = image.png; path = "calça.png"; sourceTree = "<group>"; };
		1F62D6D51B35AA8100522021 /* caminhão.png */ = {isa = PBXFileReference; lastKnownFileType = image.png; path = "caminhão.png"; sourceTree = "<group>"; };
		1F62D6D61B35AA8100522021 /* camisa.png */ = {isa = PBXFileReference; lastKnownFileType = image.png; path = camisa.png; sourceTree = "<group>"; };
		1F62D6D71B35AA8100522021 /* carro.png */ = {isa = PBXFileReference; lastKnownFileType = image.png; path = carro.png; sourceTree = "<group>"; };
		1F62D6D81B35AA8100522021 /* casa.png */ = {isa = PBXFileReference; lastKnownFileType = image.png; path = casa.png; sourceTree = "<group>"; };
		1F62D6D91B35AA8100522021 /* chapéu.png */ = {isa = PBXFileReference; lastKnownFileType = image.png; path = "chapéu.png"; sourceTree = "<group>"; };
		1F62D6DA1B35AA8100522021 /* chuva.png */ = {isa = PBXFileReference; lastKnownFileType = image.png; path = chuva.png; sourceTree = "<group>"; };
		1F62D6DB1B35AA8100522021 /* coelho.png */ = {isa = PBXFileReference; lastKnownFileType = image.png; path = coelho.png; sourceTree = "<group>"; };
		1F62D6DC1B35AA8100522021 /* dado.png */ = {isa = PBXFileReference; lastKnownFileType = image.png; path = dado.png; sourceTree = "<group>"; };
		1F62D6DD1B35AA8100522021 /* flor.png */ = {isa = PBXFileReference; lastKnownFileType = image.png; path = flor.png; sourceTree = "<group>"; };
		1F62D6DE1B35AA8100522021 /* foguete.png */ = {isa = PBXFileReference; lastKnownFileType = image.png; path = foguete.png; sourceTree = "<group>"; };
		1F62D6DF1B35AA8100522021 /* folha.png */ = {isa = PBXFileReference; lastKnownFileType = image.png; path = folha.png; sourceTree = "<group>"; };
		1F62D6E01B35AA8100522021 /* gato.png */ = {isa = PBXFileReference; lastKnownFileType = image.png; path = gato.png; sourceTree = "<group>"; };
		1F62D6E11B35AA8100522021 /* guarda-chuva.png */ = {isa = PBXFileReference; lastKnownFileType = image.png; path = "guarda-chuva.png"; sourceTree = "<group>"; };
		1F62D6E21B35AA8100522021 /* lápis.png */ = {isa = PBXFileReference; lastKnownFileType = image.png; path = "lápis.png"; sourceTree = "<group>"; };
		1F62D6E31B35AA8100522021 /* livro.png */ = {isa = PBXFileReference; lastKnownFileType = image.png; path = livro.png; sourceTree = "<group>"; };
		1F62D6E41B35AA8100522021 /* lua.png */ = {isa = PBXFileReference; lastKnownFileType = image.png; path = lua.png; sourceTree = "<group>"; };
		1F62D6E51B35AA8100522021 /* maçã.png */ = {isa = PBXFileReference; lastKnownFileType = image.png; path = "maçã.png"; sourceTree = "<group>"; };
		1F62D6E61B35AA8100522021 /* mala.png */ = {isa = PBXFileReference; lastKnownFileType = image.png; path = mala.png; sourceTree = "<group>"; };
		1F62D6E71B35AA8100522021 /* martelo.png */ = {isa = PBXFileReference; lastKnownFileType = image.png; path = martelo.png; sourceTree = "<group>"; };
		1F62D6E81B35AA8100522021 /* milho.png */ = {isa = PBXFileReference; lastKnownFileType = image.png; path = milho.png; sourceTree = "<group>"; };
		1F62D6E91B35AA8100522021 /* morango.png */ = {isa = PBXFileReference; lastKnownFileType = image.png; path = morango.png; sourceTree = "<group>"; };
		1F62D6EA1B35AA8100522021 /* nariz.png */ = {isa = PBXFileReference; lastKnownFileType = image.png; path = nariz.png; sourceTree = "<group>"; };
		1F62D6EB1B35AA8100522021 /* nuvem.png */ = {isa = PBXFileReference; lastKnownFileType = image.png; path = nuvem.png; sourceTree = "<group>"; };
		1F62D6EC1B35AA8100522021 /* óculos.png */ = {isa = PBXFileReference; lastKnownFileType = image.png; path = "óculos.png"; sourceTree = "<group>"; };
		1F62D6ED1B35AA8100522021 /* olhos.png */ = {isa = PBXFileReference; lastKnownFileType = image.png; path = olhos.png; sourceTree = "<group>"; };
		1F62D6EE1B35AA8100522021 /* orelha.png */ = {isa = PBXFileReference; lastKnownFileType = image.png; path = orelha.png; sourceTree = "<group>"; };
		1F62D6EF1B35AA8100522021 /* planeta.png */ = {isa = PBXFileReference; lastKnownFileType = image.png; path = planeta.png; sourceTree = "<group>"; };
		1F62D6F01B35AA8100522021 /* porco.png */ = {isa = PBXFileReference; lastKnownFileType = image.png; path = porco.png; sourceTree = "<group>"; };
		1F62D6F11B35AA8100522021 /* porta.png */ = {isa = PBXFileReference; lastKnownFileType = image.png; path = porta.png; sourceTree = "<group>"; };
		1F62D6F21B35AA8100522021 /* prédio.png */ = {isa = PBXFileReference; lastKnownFileType = image.png; path = "prédio.png"; sourceTree = "<group>"; };
		1F62D6F31B35AA8100522021 /* relógio.png */ = {isa = PBXFileReference; lastKnownFileType = image.png; path = "relógio.png"; sourceTree = "<group>"; };
		1F62D6F41B35AA8100522021 /* sapato.png */ = {isa = PBXFileReference; lastKnownFileType = image.png; path = sapato.png; sourceTree = "<group>"; };
		1F62D6F51B35AA8100522021 /* sol.png */ = {isa = PBXFileReference; lastKnownFileType = image.png; path = sol.png; sourceTree = "<group>"; };
		1F62D6F61B35AA8100522021 /* som1.png */ = {isa = PBXFileReference; lastKnownFileType = image.png; path = som1.png; sourceTree = "<group>"; };
		1F62D6F71B35AA8100522021 /* som2.png */ = {isa = PBXFileReference; lastKnownFileType = image.png; path = som2.png; sourceTree = "<group>"; };
		1F62D6F81B35AA8100522021 /* som3.png */ = {isa = PBXFileReference; lastKnownFileType = image.png; path = som3.png; sourceTree = "<group>"; };
		1F62D6F91B35AA8100522021 /* sorvete.png */ = {isa = PBXFileReference; lastKnownFileType = image.png; path = sorvete.png; sourceTree = "<group>"; };
		1F62D6FA1B35AA8100522021 /* tesoura.png */ = {isa = PBXFileReference; lastKnownFileType = image.png; path = tesoura.png; sourceTree = "<group>"; };
		1F62D6FB1B35AA8100522021 /* troféu.png */ = {isa = PBXFileReference; lastKnownFileType = image.png; path = "troféu.png"; sourceTree = "<group>"; };
		1F62D6FC1B35AA8100522021 /* vaca.png */ = {isa = PBXFileReference; lastKnownFileType = image.png; path = vaca.png; sourceTree = "<group>"; };
		1F62D6FD1B35AA8100522021 /* vestido.png */ = {isa = PBXFileReference; lastKnownFileType = image.png; path = vestido.png; sourceTree = "<group>"; };
		1F62D7311B35B1F500522021 /* anel.mp3 */ = {isa = PBXFileReference; lastKnownFileType = audio.mp3; path = anel.mp3; sourceTree = "<group>"; };
		1F62D7321B35B1F500522021 /* árvore.mp3 */ = {isa = PBXFileReference; lastKnownFileType = audio.mp3; path = "árvore.mp3"; sourceTree = "<group>"; };
		1F62D7331B35B1F500522021 /* avião.mp3 */ = {isa = PBXFileReference; lastKnownFileType = audio.mp3; path = "avião.mp3"; sourceTree = "<group>"; };
		1F62D7341B35B1F500522021 /* balão.mp3 */ = {isa = PBXFileReference; lastKnownFileType = audio.mp3; path = "balão.mp3"; sourceTree = "<group>"; };
		1F62D7351B35B1F500522021 /* banana.mp3 */ = {isa = PBXFileReference; lastKnownFileType = audio.mp3; path = banana.mp3; sourceTree = "<group>"; };
		1F62D7361B35B1F500522021 /* barco.mp3 */ = {isa = PBXFileReference; lastKnownFileType = audio.mp3; path = barco.mp3; sourceTree = "<group>"; };
		1F62D7371B35B1F500522021 /* bicicleta.mp3 */ = {isa = PBXFileReference; lastKnownFileType = audio.mp3; path = bicicleta.mp3; sourceTree = "<group>"; };
		1F62D7381B35B1F500522021 /* bola.mp3 */ = {isa = PBXFileReference; lastKnownFileType = audio.mp3; path = bola.mp3; sourceTree = "<group>"; };
		1F62D7391B35B1F500522021 /* calça.mp3 */ = {isa = PBXFileReference; lastKnownFileType = audio.mp3; path = "calça.mp3"; sourceTree = "<group>"; };
		1F62D73A1B35B1F500522021 /* caminhão.mp3 */ = {isa = PBXFileReference; lastKnownFileType = audio.mp3; path = "caminhão.mp3"; sourceTree = "<group>"; };
		1F62D73B1B35B1F500522021 /* camisa.mp3 */ = {isa = PBXFileReference; lastKnownFileType = audio.mp3; path = camisa.mp3; sourceTree = "<group>"; };
		1F62D73C1B35B1F500522021 /* carro.mp3 */ = {isa = PBXFileReference; lastKnownFileType = audio.mp3; path = carro.mp3; sourceTree = "<group>"; };
		1F62D73D1B35B1F500522021 /* casa.mp3 */ = {isa = PBXFileReference; lastKnownFileType = audio.mp3; path = casa.mp3; sourceTree = "<group>"; };
		1F62D73E1B35B1F500522021 /* chapéu.mp3 */ = {isa = PBXFileReference; lastKnownFileType = audio.mp3; path = "chapéu.mp3"; sourceTree = "<group>"; };
		1F62D73F1B35B1F500522021 /* chuva.mp3 */ = {isa = PBXFileReference; lastKnownFileType = audio.mp3; path = chuva.mp3; sourceTree = "<group>"; };
		1F62D7401B35B1F500522021 /* coelho.mp3 */ = {isa = PBXFileReference; lastKnownFileType = audio.mp3; path = coelho.mp3; sourceTree = "<group>"; };
		1F62D7411B35B1F500522021 /* dado.mp3 */ = {isa = PBXFileReference; lastKnownFileType = audio.mp3; path = dado.mp3; sourceTree = "<group>"; };
		1F62D7421B35B1F500522021 /* flor.mp3 */ = {isa = PBXFileReference; lastKnownFileType = audio.mp3; path = flor.mp3; sourceTree = "<group>"; };
		1F62D7431B35B1F500522021 /* foguete.mp3 */ = {isa = PBXFileReference; lastKnownFileType = audio.mp3; path = foguete.mp3; sourceTree = "<group>"; };
		1F62D7441B35B1F500522021 /* folha.mp3 */ = {isa = PBXFileReference; lastKnownFileType = audio.mp3; path = folha.mp3; sourceTree = "<group>"; };
		1F62D7451B35B1F500522021 /* frase1.mp3 */ = {isa = PBXFileReference; lastKnownFileType = audio.mp3; path = frase1.mp3; sourceTree = "<group>"; };
		1F62D7461B35B1F500522021 /* frase2.mp3 */ = {isa = PBXFileReference; lastKnownFileType = audio.mp3; path = frase2.mp3; sourceTree = "<group>"; };
		1F62D7471B35B1F500522021 /* frase3.mp3 */ = {isa = PBXFileReference; lastKnownFileType = audio.mp3; path = frase3.mp3; sourceTree = "<group>"; };
		1F62D7481B35B1F500522021 /* frase4.mp3 */ = {isa = PBXFileReference; lastKnownFileType = audio.mp3; path = frase4.mp3; sourceTree = "<group>"; };
		1F62D7491B35B1F500522021 /* gato.mp3 */ = {isa = PBXFileReference; lastKnownFileType = audio.mp3; path = gato.mp3; sourceTree = "<group>"; };
		1F62D74A1B35B1F500522021 /* guarda-chuva.mp3 */ = {isa = PBXFileReference; lastKnownFileType = audio.mp3; path = "guarda-chuva.mp3"; sourceTree = "<group>"; };
		1F62D74B1B35B1F500522021 /* lápis.mp3 */ = {isa = PBXFileReference; lastKnownFileType = audio.mp3; path = "lápis.mp3"; sourceTree = "<group>"; };
		1F62D74C1B35B1F500522021 /* livro.mp3 */ = {isa = PBXFileReference; lastKnownFileType = audio.mp3; path = livro.mp3; sourceTree = "<group>"; };
		1F62D74D1B35B1F500522021 /* lua.mp3 */ = {isa = PBXFileReference; lastKnownFileType = audio.mp3; path = lua.mp3; sourceTree = "<group>"; };
		1F62D74E1B35B1F500522021 /* maçã.mp3 */ = {isa = PBXFileReference; lastKnownFileType = audio.mp3; path = "maçã.mp3"; sourceTree = "<group>"; };
		1F62D74F1B35B1F500522021 /* mala.mp3 */ = {isa = PBXFileReference; lastKnownFileType = audio.mp3; path = mala.mp3; sourceTree = "<group>"; };
		1F62D7501B35B1F500522021 /* martelo.mp3 */ = {isa = PBXFileReference; lastKnownFileType = audio.mp3; path = martelo.mp3; sourceTree = "<group>"; };
		1F62D7511B35B1F500522021 /* milho.mp3 */ = {isa = PBXFileReference; lastKnownFileType = audio.mp3; path = milho.mp3; sourceTree = "<group>"; };
		1F62D7521B35B1F500522021 /* morango.mp3 */ = {isa = PBXFileReference; lastKnownFileType = audio.mp3; path = morango.mp3; sourceTree = "<group>"; };
		1F62D7531B35B1F500522021 /* nuvem.mp3 */ = {isa = PBXFileReference; lastKnownFileType = audio.mp3; path = nuvem.mp3; sourceTree = "<group>"; };
		1F62D7541B35B1F500522021 /* óculos.mp3 */ = {isa = PBXFileReference; lastKnownFileType = audio.mp3; path = "óculos.mp3"; sourceTree = "<group>"; };
		1F62D7551B35B1F600522021 /* olhos.mp3 */ = {isa = PBXFileReference; lastKnownFileType = audio.mp3; path = olhos.mp3; sourceTree = "<group>"; };
		1F62D7561B35B1F600522021 /* orelha.mp3 */ = {isa = PBXFileReference; lastKnownFileType = audio.mp3; path = orelha.mp3; sourceTree = "<group>"; };
		1F62D7571B35B1F600522021 /* planeta.mp3 */ = {isa = PBXFileReference; lastKnownFileType = audio.mp3; path = planeta.mp3; sourceTree = "<group>"; };
		1F62D7581B35B1F600522021 /* porco.mp3 */ = {isa = PBXFileReference; lastKnownFileType = audio.mp3; path = porco.mp3; sourceTree = "<group>"; };
		1F62D7591B35B1F600522021 /* porta.mp3 */ = {isa = PBXFileReference; lastKnownFileType = audio.mp3; path = porta.mp3; sourceTree = "<group>"; };
		1F62D75A1B35B1F600522021 /* prédio.mp3 */ = {isa = PBXFileReference; lastKnownFileType = audio.mp3; path = "prédio.mp3"; sourceTree = "<group>"; };
		1F62D75B1B35B1F600522021 /* relógio.mp3 */ = {isa = PBXFileReference; lastKnownFileType = audio.mp3; path = "relógio.mp3"; sourceTree = "<group>"; };
		1F62D75C1B35B1F600522021 /* sapato.mp3 */ = {isa = PBXFileReference; lastKnownFileType = audio.mp3; path = sapato.mp3; sourceTree = "<group>"; };
		1F62D75D1B35B1F600522021 /* sol.mp3 */ = {isa = PBXFileReference; lastKnownFileType = audio.mp3; path = sol.mp3; sourceTree = "<group>"; };
		1F62D75E1B35B1F600522021 /* sorvete.mp3 */ = {isa = PBXFileReference; lastKnownFileType = audio.mp3; path = sorvete.mp3; sourceTree = "<group>"; };
		1F62D75F1B35B1F600522021 /* tesoura.mp3 */ = {isa = PBXFileReference; lastKnownFileType = audio.mp3; path = tesoura.mp3; sourceTree = "<group>"; };
		1F62D7601B35B1F600522021 /* troféu.mp3 */ = {isa = PBXFileReference; lastKnownFileType = audio.mp3; path = "troféu.mp3"; sourceTree = "<group>"; };
		1F62D7611B35B1F600522021 /* vaca.mp3 */ = {isa = PBXFileReference; lastKnownFileType = audio.mp3; path = vaca.mp3; sourceTree = "<group>"; };
		1F62D7621B35B1F600522021 /* vestido.mp3 */ = {isa = PBXFileReference; lastKnownFileType = audio.mp3; path = vestido.mp3; sourceTree = "<group>"; };
		1F62D7631B35B1F600522021 /* xícara.mp3 */ = {isa = PBXFileReference; lastKnownFileType = audio.mp3; path = "xícara.mp3"; sourceTree = "<group>"; };
		1F62D7971B35C0A300522021 /* xícara.png */ = {isa = PBXFileReference; lastKnownFileType = image.png; path = "xícara.png"; sourceTree = "<group>"; };
		1F74A4041B38C9A100C40710 /* Child.swift */ = {isa = PBXFileReference; fileEncoding = 4; lastKnownFileType = sourcecode.swift; path = Child.swift; sourceTree = "<group>"; };
		1FE0E8BE1B3841C1002984D7 /* Functions.swift */ = {isa = PBXFileReference; fileEncoding = 4; lastKnownFileType = sourcecode.swift; path = Functions.swift; sourceTree = "<group>"; };
		1FE92A271B34DC9900D96A15 /* CHUBBY.TTF */ = {isa = PBXFileReference; lastKnownFileType = file; path = CHUBBY.TTF; sourceTree = "<group>"; };
		340FF0044D7C242DFB8F2C7A /* Pods.release.xcconfig */ = {isa = PBXFileReference; includeInIndex = 1; lastKnownFileType = text.xcconfig; name = Pods.release.xcconfig; path = "Pods/Target Support Files/Pods/Pods.release.xcconfig"; sourceTree = "<group>"; };
		55F556C33CECEDD25E7DD652 /* Pods.framework */ = {isa = PBXFileReference; explicitFileType = wrapper.framework; includeInIndex = 0; path = Pods.framework; sourceTree = BUILT_PRODUCTS_DIR; };
		6C7C34A01B390BD8007DCC41 /* option_circle.png */ = {isa = PBXFileReference; lastKnownFileType = image.png; path = option_circle.png; sourceTree = "<group>"; };
		6C7C34A21B390C3A007DCC41 /* bg_textura.png */ = {isa = PBXFileReference; lastKnownFileType = image.png; path = bg_textura.png; sourceTree = "<group>"; };
		6CC7CA891B38436C00045F23 /* marca.jpg */ = {isa = PBXFileReference; lastKnownFileType = image.jpeg; path = marca.jpg; sourceTree = "<group>"; };
		9136F11B6A22A9A9DD2C017D /* Pods_Psico_KidsTests.framework */ = {isa = PBXFileReference; explicitFileType = wrapper.framework; includeInIndex = 0; path = Pods_Psico_KidsTests.framework; sourceTree = BUILT_PRODUCTS_DIR; };
		9AFD421ACDD95BA0F95168C0 /* Pods.debug.xcconfig */ = {isa = PBXFileReference; includeInIndex = 1; lastKnownFileType = text.xcconfig; name = Pods.debug.xcconfig; path = "Pods/Target Support Files/Pods/Pods.debug.xcconfig"; sourceTree = "<group>"; };
		A89ED258C4C71E76006A5D6F /* Pods-Psico-KidsTests.debug.xcconfig */ = {isa = PBXFileReference; includeInIndex = 1; lastKnownFileType = text.xcconfig; name = "Pods-Psico-KidsTests.debug.xcconfig"; path = "Pods/Target Support Files/Pods-Psico-KidsTests/Pods-Psico-KidsTests.debug.xcconfig"; sourceTree = "<group>"; };
		AB967F466B5751415E7F2FC3 /* Pods_Psico_Kids.framework */ = {isa = PBXFileReference; explicitFileType = wrapper.framework; includeInIndex = 0; path = Pods_Psico_Kids.framework; sourceTree = BUILT_PRODUCTS_DIR; };
		D3D7175110DD9D777E1BD516 /* Pods-Psico-KidsTests.release.xcconfig */ = {isa = PBXFileReference; includeInIndex = 1; lastKnownFileType = text.xcconfig; name = "Pods-Psico-KidsTests.release.xcconfig"; path = "Pods/Target Support Files/Pods-Psico-KidsTests/Pods-Psico-KidsTests.release.xcconfig"; sourceTree = "<group>"; };
		E43B17F01B30D1F5004EDDAD /* objects.json */ = {isa = PBXFileReference; fileEncoding = 4; lastKnownFileType = text.json; path = objects.json; sourceTree = "<group>"; };
		E49121401B30B2E000B4DBAD /* QuizViewController.swift */ = {isa = PBXFileReference; fileEncoding = 4; lastKnownFileType = sourcecode.swift; name = QuizViewController.swift; path = ../QuizViewController.swift; sourceTree = "<group>"; };
		E49121441B30B44400B4DBAD /* FileManager.swift */ = {isa = PBXFileReference; fileEncoding = 4; lastKnownFileType = sourcecode.swift; name = FileManager.swift; path = ../FileManager.swift; sourceTree = "<group>"; };
		E49885B21B348EE100A5AFEC /* QuestionRecord.swift */ = {isa = PBXFileReference; fileEncoding = 4; lastKnownFileType = sourcecode.swift; path = QuestionRecord.swift; sourceTree = "<group>"; };
/* End PBXFileReference section */

/* Begin PBXFrameworksBuildPhase section */
		1CD998DD1B2F69FA000968A1 /* Frameworks */ = {
			isa = PBXFrameworksBuildPhase;
			buildActionMask = 2147483647;
			files = (
				1C9870AF1B36FF6F00E54093 /* Pods_Psico_KidsTests.framework in Frameworks */,
				1C9870AD1B36FF4C00E54093 /* MagicPie.framework in Frameworks */,
				3357A676F696D40E73491E79 /* Pods.framework in Frameworks */,
				FA7C5931E4D200736AC9BE67 /* Pods_Psico_Kids.framework in Frameworks */,
			);
			runOnlyForDeploymentPostprocessing = 0;
		};
		1CD998F21B2F69FA000968A1 /* Frameworks */ = {
			isa = PBXFrameworksBuildPhase;
			buildActionMask = 2147483647;
			files = (
				A4055622520074DF462E617C /* Pods_Psico_KidsTests.framework in Frameworks */,
			);
			runOnlyForDeploymentPostprocessing = 0;
		};
/* End PBXFrameworksBuildPhase section */

/* Begin PBXGroup section */
		1C3A4F2B1B377F3500F7BC9F /* Images */ = {
			isa = PBXGroup;
			children = (
				6C7C34A21B390C3A007DCC41 /* bg_textura.png */,
				6C7C34A01B390BD8007DCC41 /* option_circle.png */,
				6CC7CA891B38436C00045F23 /* marca.jpg */,
				1C3A4F2C1B377F4300F7BC9F /* child.jpg */,
			);
			name = Images;
			sourceTree = "<group>";
		};
		1CD998D71B2F69FA000968A1 = {
			isa = PBXGroup;
			children = (
				1CD998E21B2F69FA000968A1 /* Psico-Kids */,
				1CD998F81B2F69FA000968A1 /* Psico-KidsTests */,
				1CD998E11B2F69FA000968A1 /* Products */,
				EBD9A09A59EFD27EBF9A4A6A /* Pods */,
				77F90B21E011A35335DD801A /* Frameworks */,
			);
			sourceTree = "<group>";
		};
		1CD998E11B2F69FA000968A1 /* Products */ = {
			isa = PBXGroup;
			children = (
				1CD998E01B2F69FA000968A1 /* Psico-Kids.app */,
				1CD998F51B2F69FA000968A1 /* Psico-KidsTests.xctest */,
			);
			name = Products;
			sourceTree = "<group>";
		};
		1CD998E21B2F69FA000968A1 /* Psico-Kids */ = {
			isa = PBXGroup;
			children = (
				1C3A4F2B1B377F3500F7BC9F /* Images */,
				1F62D7301B35B17E00522021 /* sounds */,
				1F62D6CB1B35A99900522021 /* emoji */,
				1F2CEF191B30C769006B3D6D /* Model */,
				E49121441B30B44400B4DBAD /* FileManager.swift */,
				1CD998E51B2F69FA000968A1 /* AppDelegate.swift */,
				1F2CEF131B30C736006B3D6D /* ViewControllers */,
				1F2CEF141B30C744006B3D6D /* View */,
				1CD998EC1B2F69FA000968A1 /* Images.xcassets */,
				1CD998E31B2F69FA000968A1 /* Supporting Files */,
			);
			path = "Psico-Kids";
			sourceTree = "<group>";
		};
		1CD998E31B2F69FA000968A1 /* Supporting Files */ = {
			isa = PBXGroup;
			children = (
				1CD998E41B2F69FA000968A1 /* Info.plist */,
			);
			name = "Supporting Files";
			sourceTree = "<group>";
		};
		1CD998F81B2F69FA000968A1 /* Psico-KidsTests */ = {
			isa = PBXGroup;
			children = (
				1CD998FB1B2F69FA000968A1 /* Psico_KidsTests.swift */,
				1CD998F91B2F69FA000968A1 /* Supporting Files */,
			);
			path = "Psico-KidsTests";
			sourceTree = "<group>";
		};
		1CD998F91B2F69FA000968A1 /* Supporting Files */ = {
			isa = PBXGroup;
			children = (
				1CD998FA1B2F69FA000968A1 /* Info.plist */,
			);
			name = "Supporting Files";
			sourceTree = "<group>";
		};
		1F2CEF131B30C736006B3D6D /* ViewControllers */ = {
			isa = PBXGroup;
			children = (
				1CD998E71B2F69FA000968A1 /* ViewController.swift */,
				1CD999071B2F6B90000968A1 /* KidsTableViewController.swift */,
				1CD999091B2F7251000968A1 /* CreateProfileViewController.swift */,
				E49121401B30B2E000B4DBAD /* QuizViewController.swift */,
				1CD9990B1B2F93B3000968A1 /* KidTableViewCell.swift */,
				1C9870501B34746500E54093 /* KidProfileViewController.swift */,
			);
			name = ViewControllers;
			sourceTree = "<group>";
		};
		1F2CEF141B30C744006B3D6D /* View */ = {
			isa = PBXGroup;
			children = (
				1FE92A271B34DC9900D96A15 /* CHUBBY.TTF */,
				1CD998E91B2F69FA000968A1 /* Main.storyboard */,
				1CD998EE1B2F69FA000968A1 /* LaunchScreen.xib */,
			);
			name = View;
			sourceTree = "<group>";
		};
		1F2CEF191B30C769006B3D6D /* Model */ = {
			isa = PBXGroup;
			children = (
				1FE0E8BE1B3841C1002984D7 /* Functions.swift */,
				1F2CEF151B30C763006B3D6D /* ObjectList.swift */,
				1F2CEF161B30C763006B3D6D /* Object.swift */,
				E43B17F01B30D1F5004EDDAD /* objects.json */,
				1C9870531B347DF400E54093 /* BringingHeader.h */,
				E49885B21B348EE100A5AFEC /* QuestionRecord.swift */,
				1F74A4041B38C9A100C40710 /* Child.swift */,
			);
			name = Model;
			sourceTree = "<group>";
		};
		1F62D6CB1B35A99900522021 /* emoji */ = {
			isa = PBXGroup;
			children = (
				1F62D7971B35C0A300522021 /* xícara.png */,
				1F62D6CC1B35AA8100522021 /* anel.png */,
				1F62D6CD1B35AA8100522021 /* árvore.png */,
				1F62D6CE1B35AA8100522021 /* avião.png */,
				1F62D6CF1B35AA8100522021 /* balão.png */,
				1F62D6D01B35AA8100522021 /* banana.png */,
				1F62D6D11B35AA8100522021 /* barco.png */,
				1F62D6D21B35AA8100522021 /* bicicleta.png */,
				1F62D6D31B35AA8100522021 /* bola.png */,
				1F62D6D41B35AA8100522021 /* calça.png */,
				1F62D6D51B35AA8100522021 /* caminhão.png */,
				1F62D6D61B35AA8100522021 /* camisa.png */,
				1F62D6D71B35AA8100522021 /* carro.png */,
				1F62D6D81B35AA8100522021 /* casa.png */,
				1F62D6D91B35AA8100522021 /* chapéu.png */,
				1F62D6DA1B35AA8100522021 /* chuva.png */,
				1F62D6DB1B35AA8100522021 /* coelho.png */,
				1F62D6DC1B35AA8100522021 /* dado.png */,
				1F62D6DD1B35AA8100522021 /* flor.png */,
				1F62D6DE1B35AA8100522021 /* foguete.png */,
				1F62D6DF1B35AA8100522021 /* folha.png */,
				1F62D6E01B35AA8100522021 /* gato.png */,
				1F62D6E11B35AA8100522021 /* guarda-chuva.png */,
				1F62D6E21B35AA8100522021 /* lápis.png */,
				1F62D6E31B35AA8100522021 /* livro.png */,
				1F62D6E41B35AA8100522021 /* lua.png */,
				1F62D6E51B35AA8100522021 /* maçã.png */,
				1F62D6E61B35AA8100522021 /* mala.png */,
				1F62D6E71B35AA8100522021 /* martelo.png */,
				1F62D6E81B35AA8100522021 /* milho.png */,
				1F62D6E91B35AA8100522021 /* morango.png */,
				1F62D6EA1B35AA8100522021 /* nariz.png */,
				1F62D6EB1B35AA8100522021 /* nuvem.png */,
				1F62D6EC1B35AA8100522021 /* óculos.png */,
				1F62D6ED1B35AA8100522021 /* olhos.png */,
				1F62D6EE1B35AA8100522021 /* orelha.png */,
				1F62D6EF1B35AA8100522021 /* planeta.png */,
				1F62D6F01B35AA8100522021 /* porco.png */,
				1F62D6F11B35AA8100522021 /* porta.png */,
				1F62D6F21B35AA8100522021 /* prédio.png */,
				1F62D6F31B35AA8100522021 /* relógio.png */,
				1F62D6F41B35AA8100522021 /* sapato.png */,
				1F62D6F51B35AA8100522021 /* sol.png */,
				1F62D6F61B35AA8100522021 /* som1.png */,
				1F62D6F71B35AA8100522021 /* som2.png */,
				1F62D6F81B35AA8100522021 /* som3.png */,
				1F62D6F91B35AA8100522021 /* sorvete.png */,
				1F62D6FA1B35AA8100522021 /* tesoura.png */,
				1F62D6FB1B35AA8100522021 /* troféu.png */,
				1F62D6FC1B35AA8100522021 /* vaca.png */,
				1F62D6FD1B35AA8100522021 /* vestido.png */,
			);
			name = emoji;
			sourceTree = "<group>";
		};
		1F62D7301B35B17E00522021 /* sounds */ = {
			isa = PBXGroup;
			children = (
				1F62D7311B35B1F500522021 /* anel.mp3 */,
				1F62D7321B35B1F500522021 /* árvore.mp3 */,
				1F62D7331B35B1F500522021 /* avião.mp3 */,
				1F62D7341B35B1F500522021 /* balão.mp3 */,
				1F62D7351B35B1F500522021 /* banana.mp3 */,
				1F62D7361B35B1F500522021 /* barco.mp3 */,
				1F62D7371B35B1F500522021 /* bicicleta.mp3 */,
				1F62D7381B35B1F500522021 /* bola.mp3 */,
				1F62D7391B35B1F500522021 /* calça.mp3 */,
				1F62D73A1B35B1F500522021 /* caminhão.mp3 */,
				1F62D73B1B35B1F500522021 /* camisa.mp3 */,
				1F62D73C1B35B1F500522021 /* carro.mp3 */,
				1F62D73D1B35B1F500522021 /* casa.mp3 */,
				1F62D73E1B35B1F500522021 /* chapéu.mp3 */,
				1F62D73F1B35B1F500522021 /* chuva.mp3 */,
				1F62D7401B35B1F500522021 /* coelho.mp3 */,
				1F62D7411B35B1F500522021 /* dado.mp3 */,
				1F62D7421B35B1F500522021 /* flor.mp3 */,
				1F62D7431B35B1F500522021 /* foguete.mp3 */,
				1F62D7441B35B1F500522021 /* folha.mp3 */,
				1F62D7451B35B1F500522021 /* frase1.mp3 */,
				1F62D7461B35B1F500522021 /* frase2.mp3 */,
				1F62D7471B35B1F500522021 /* frase3.mp3 */,
				1F62D7481B35B1F500522021 /* frase4.mp3 */,
				1F62D7491B35B1F500522021 /* gato.mp3 */,
				1F62D74A1B35B1F500522021 /* guarda-chuva.mp3 */,
				1F62D74B1B35B1F500522021 /* lápis.mp3 */,
				1F62D74C1B35B1F500522021 /* livro.mp3 */,
				1F62D74D1B35B1F500522021 /* lua.mp3 */,
				1F62D74E1B35B1F500522021 /* maçã.mp3 */,
				1F62D74F1B35B1F500522021 /* mala.mp3 */,
				1F62D7501B35B1F500522021 /* martelo.mp3 */,
				1F62D7511B35B1F500522021 /* milho.mp3 */,
				1F62D7521B35B1F500522021 /* morango.mp3 */,
				1F62D7531B35B1F500522021 /* nuvem.mp3 */,
				1F62D7541B35B1F500522021 /* óculos.mp3 */,
				1F62D7551B35B1F600522021 /* olhos.mp3 */,
				1F62D7561B35B1F600522021 /* orelha.mp3 */,
				1F62D7571B35B1F600522021 /* planeta.mp3 */,
				1F62D7581B35B1F600522021 /* porco.mp3 */,
				1F62D7591B35B1F600522021 /* porta.mp3 */,
				1F62D75A1B35B1F600522021 /* prédio.mp3 */,
				1F62D75B1B35B1F600522021 /* relógio.mp3 */,
				1F62D75C1B35B1F600522021 /* sapato.mp3 */,
				1F62D75D1B35B1F600522021 /* sol.mp3 */,
				1F62D75E1B35B1F600522021 /* sorvete.mp3 */,
				1F62D75F1B35B1F600522021 /* tesoura.mp3 */,
				1F62D7601B35B1F600522021 /* troféu.mp3 */,
				1F62D7611B35B1F600522021 /* vaca.mp3 */,
				1F62D7621B35B1F600522021 /* vestido.mp3 */,
				1F62D7631B35B1F600522021 /* xícara.mp3 */,
			);
			name = sounds;
			sourceTree = "<group>";
		};
		77F90B21E011A35335DD801A /* Frameworks */ = {
			isa = PBXGroup;
			children = (
				1C9870AE1B36FF6F00E54093 /* Pods_Psico_KidsTests.framework */,
				1C9870AC1B36FF4C00E54093 /* MagicPie.framework */,
				55F556C33CECEDD25E7DD652 /* Pods.framework */,
				AB967F466B5751415E7F2FC3 /* Pods_Psico_Kids.framework */,
				9136F11B6A22A9A9DD2C017D /* Pods_Psico_KidsTests.framework */,
			);
			name = Frameworks;
			sourceTree = "<group>";
		};
		EBD9A09A59EFD27EBF9A4A6A /* Pods */ = {
			isa = PBXGroup;
			children = (
				1C9870A61B36FDF700E54093 /* Pods-Psico-Kids.debug.xcconfig */,
				1C9870A71B36FDF700E54093 /* Pods-Psico-Kids.release.xcconfig */,
				9AFD421ACDD95BA0F95168C0 /* Pods.debug.xcconfig */,
				340FF0044D7C242DFB8F2C7A /* Pods.release.xcconfig */,
				A89ED258C4C71E76006A5D6F /* Pods-Psico-KidsTests.debug.xcconfig */,
				D3D7175110DD9D777E1BD516 /* Pods-Psico-KidsTests.release.xcconfig */,
			);
			name = Pods;
			sourceTree = "<group>";
		};
/* End PBXGroup section */

/* Begin PBXNativeTarget section */
		1CD998DF1B2F69FA000968A1 /* Psico-Kids */ = {
			isa = PBXNativeTarget;
			buildConfigurationList = 1CD998FF1B2F69FA000968A1 /* Build configuration list for PBXNativeTarget "Psico-Kids" */;
			buildPhases = (
				E92C991C0180AAAB863028D7 /* Check Pods Manifest.lock */,
				1CD998DC1B2F69FA000968A1 /* Sources */,
				1CD998DD1B2F69FA000968A1 /* Frameworks */,
				1CD998DE1B2F69FA000968A1 /* Resources */,
				271666624F8B517DDF9DDDD4 /* Embed Pods Frameworks */,
				2CC43CEEF8DDD323642E2BE6 /* Copy Pods Resources */,
			);
			buildRules = (
			);
			dependencies = (
			);
			name = "Psico-Kids";
			productName = "Psico-Kids";
			productReference = 1CD998E01B2F69FA000968A1 /* Psico-Kids.app */;
			productType = "com.apple.product-type.application";
		};
		1CD998F41B2F69FA000968A1 /* Psico-KidsTests */ = {
			isa = PBXNativeTarget;
			buildConfigurationList = 1CD999021B2F69FA000968A1 /* Build configuration list for PBXNativeTarget "Psico-KidsTests" */;
			buildPhases = (
				7A116E2E1F1182A55C9B199C /* Check Pods Manifest.lock */,
				1CD998F11B2F69FA000968A1 /* Sources */,
				1CD998F21B2F69FA000968A1 /* Frameworks */,
				1CD998F31B2F69FA000968A1 /* Resources */,
				F0444B9226BBD6C89C8D5938 /* Embed Pods Frameworks */,
				2D0A1FBA5A119472CD8F5E2C /* Copy Pods Resources */,
			);
			buildRules = (
			);
			dependencies = (
				1CD998F71B2F69FA000968A1 /* PBXTargetDependency */,
			);
			name = "Psico-KidsTests";
			productName = "Psico-KidsTests";
			productReference = 1CD998F51B2F69FA000968A1 /* Psico-KidsTests.xctest */;
			productType = "com.apple.product-type.bundle.unit-test";
		};
/* End PBXNativeTarget section */

/* Begin PBXProject section */
		1CD998D81B2F69FA000968A1 /* Project object */ = {
			isa = PBXProject;
			attributes = {
				LastSwiftUpdateCheck = 0700;
				LastUpgradeCheck = 0630;
				ORGANIZATIONNAME = br.pucpr.bepid;
				TargetAttributes = {
					1CD998DF1B2F69FA000968A1 = {
						CreatedOnToolsVersion = 6.3.2;
						DevelopmentTeam = 6E3MXG6BSH;
					};
				};
			};
			buildConfigurationList = 1CD998DB1B2F69FA000968A1 /* Build configuration list for PBXProject "Psico-Kids" */;
			compatibilityVersion = "Xcode 3.2";
			developmentRegion = English;
			hasScannedForEncodings = 0;
			knownRegions = (
				en,
				Base,
			);
			mainGroup = 1CD998D71B2F69FA000968A1;
			productRefGroup = 1CD998E11B2F69FA000968A1 /* Products */;
			projectDirPath = "";
			projectRoot = "";
			targets = (
				1CD998DF1B2F69FA000968A1 /* Psico-Kids */,
				1CD998F41B2F69FA000968A1 /* Psico-KidsTests */,
			);
		};
/* End PBXProject section */

/* Begin PBXResourcesBuildPhase section */
		1CD998DE1B2F69FA000968A1 /* Resources */ = {
			isa = PBXResourcesBuildPhase;
			buildActionMask = 2147483647;
			files = (
				1F62D78F1B35B1F600522021 /* sapato.mp3 in Resources */,
				1F62D77E1B35B1F600522021 /* lápis.mp3 in Resources */,
				1F62D7891B35B1F600522021 /* orelha.mp3 in Resources */,
				1F62D76D1B35B1F600522021 /* caminhão.mp3 in Resources */,
				1F62D77C1B35B1F600522021 /* gato.mp3 in Resources */,
				1F62D7831B35B1F600522021 /* martelo.mp3 in Resources */,
				1F62D72F1B35AA8100522021 /* vestido.png in Resources */,
				1F62D7851B35B1F600522021 /* morango.mp3 in Resources */,
				1F62D7921B35B1F600522021 /* tesoura.mp3 in Resources */,
				1F62D71C1B35AA8100522021 /* nariz.png in Resources */,
				1F62D78A1B35B1F600522021 /* planeta.mp3 in Resources */,
				1F62D7271B35AA8100522021 /* sol.png in Resources */,
				1F62D72E1B35AA8100522021 /* vaca.png in Resources */,
				1F62D7821B35B1F600522021 /* mala.mp3 in Resources */,
				1F62D7261B35AA8100522021 /* sapato.png in Resources */,
				1C9870A81B36FDF700E54093 /* Pods-Psico-Kids.debug.xcconfig in Resources */,
				1F62D70D1B35AA8100522021 /* coelho.png in Resources */,
				1F62D71E1B35AA8100522021 /* óculos.png in Resources */,
				1F62D7011B35AA8100522021 /* balão.png in Resources */,
				1FE92A281B34DCAB00D96A15 /* CHUBBY.TTF in Resources */,
				1F62D77A1B35B1F600522021 /* frase3.mp3 in Resources */,
				1F62D7881B35B1F600522021 /* olhos.mp3 in Resources */,
				1F62D7221B35AA8100522021 /* porco.png in Resources */,
				1F62D6FF1B35AA8100522021 /* árvore.png in Resources */,
				1F62D7671B35B1F600522021 /* balão.mp3 in Resources */,
				1CD998EB1B2F69FA000968A1 /* Main.storyboard in Resources */,
				1F62D71A1B35AA8100522021 /* milho.png in Resources */,
				1F62D7931B35B1F600522021 /* troféu.mp3 in Resources */,
				1F62D77B1B35B1F600522021 /* frase4.mp3 in Resources */,
				1F62D7281B35AA8100522021 /* som1.png in Resources */,
				1F62D7721B35B1F600522021 /* chuva.mp3 in Resources */,
				1F62D7951B35B1F600522021 /* vestido.mp3 in Resources */,
				1F62D7201B35AA8100522021 /* orelha.png in Resources */,
				1F62D7981B35C0A300522021 /* xícara.png in Resources */,
				1F62D7021B35AA8100522021 /* banana.png in Resources */,
				1F62D7121B35AA8100522021 /* gato.png in Resources */,
				1F62D7941B35B1F600522021 /* vaca.mp3 in Resources */,
				1F62D72B1B35AA8100522021 /* sorvete.png in Resources */,
				1F62D76E1B35B1F600522021 /* camisa.mp3 in Resources */,
				1F62D78B1B35B1F600522021 /* porco.mp3 in Resources */,
				1CD998F01B2F69FA000968A1 /* LaunchScreen.xib in Resources */,
				1F62D78E1B35B1F600522021 /* relógio.mp3 in Resources */,
				1F62D7801B35B1F600522021 /* lua.mp3 in Resources */,
				1F62D7061B35AA8100522021 /* calça.png in Resources */,
				1F62D7911B35B1F600522021 /* sorvete.mp3 in Resources */,
				1F62D77F1B35B1F600522021 /* livro.mp3 in Resources */,
				1F62D7001B35AA8100522021 /* avião.png in Resources */,
				1F62D7151B35AA8100522021 /* livro.png in Resources */,
				1F62D7241B35AA8100522021 /* prédio.png in Resources */,
				1F62D7791B35B1F600522021 /* frase2.mp3 in Resources */,
				E43B17F11B30D1F5004EDDAD /* objects.json in Resources */,
				1F62D7871B35B1F600522021 /* óculos.mp3 in Resources */,
				1F62D72D1B35AA8100522021 /* troféu.png in Resources */,
				1F62D7811B35B1F600522021 /* maçã.mp3 in Resources */,
				1F62D7691B35B1F600522021 /* barco.mp3 in Resources */,
				1F62D72A1B35AA8100522021 /* som3.png in Resources */,
				6C7C34A31B390C3A007DCC41 /* bg_textura.png in Resources */,
				1F62D7251B35AA8100522021 /* relógio.png in Resources */,
				1F62D70F1B35AA8100522021 /* flor.png in Resources */,
				1F62D7681B35B1F600522021 /* banana.mp3 in Resources */,
				1F62D78D1B35B1F600522021 /* prédio.mp3 in Resources */,
				1F62D7781B35B1F600522021 /* frase1.mp3 in Resources */,
				1F62D7041B35AA8100522021 /* bicicleta.png in Resources */,
				6C7C34A11B390BD8007DCC41 /* option_circle.png in Resources */,
				1F62D77D1B35B1F600522021 /* guarda-chuva.mp3 in Resources */,
				6CC7CA8A1B38436C00045F23 /* marca.jpg in Resources */,
				1F62D7701B35B1F600522021 /* casa.mp3 in Resources */,
				1F62D7841B35B1F600522021 /* milho.mp3 in Resources */,
				1F62D76F1B35B1F600522021 /* carro.mp3 in Resources */,
				1F62D7051B35AA8100522021 /* bola.png in Resources */,
				1C9870AA1B36FDF700E54093 /* Pods-Psico-Kids.release.xcconfig in Resources */,
				1F62D7741B35B1F600522021 /* dado.mp3 in Resources */,
				1F62D7961B35B1F600522021 /* xícara.mp3 in Resources */,
				1F62D70C1B35AA8100522021 /* chuva.png in Resources */,
				1F62D71B1B35AA8100522021 /* morango.png in Resources */,
				1F62D7751B35B1F600522021 /* flor.mp3 in Resources */,
				1F62D7771B35B1F600522021 /* folha.mp3 in Resources */,
				1F62D76C1B35B1F600522021 /* calça.mp3 in Resources */,
				1F62D7651B35B1F600522021 /* árvore.mp3 in Resources */,
				1F62D7291B35AA8100522021 /* som2.png in Resources */,
				1F62D70E1B35AA8100522021 /* dado.png in Resources */,
				1F62D70B1B35AA8100522021 /* chapéu.png in Resources */,
				1F62D7191B35AA8100522021 /* martelo.png in Resources */,
				1F62D71D1B35AA8100522021 /* nuvem.png in Resources */,
				1F62D7161B35AA8100522021 /* lua.png in Resources */,
				1F62D7661B35B1F600522021 /* avião.mp3 in Resources */,
				1F62D7141B35AA8100522021 /* lápis.png in Resources */,
				1F62D70A1B35AA8100522021 /* casa.png in Resources */,
				1F62D7081B35AA8100522021 /* camisa.png in Resources */,
				1F62D7181B35AA8100522021 /* mala.png in Resources */,
				1C3A4F2D1B377F4300F7BC9F /* child.jpg in Resources */,
				1F62D7091B35AA8100522021 /* carro.png in Resources */,
				1F62D7031B35AA8100522021 /* barco.png in Resources */,
				1F62D78C1B35B1F600522021 /* porta.mp3 in Resources */,
				1F62D7861B35B1F600522021 /* nuvem.mp3 in Resources */,
				1F62D7711B35B1F600522021 /* chapéu.mp3 in Resources */,
				1F62D76A1B35B1F600522021 /* bicicleta.mp3 in Resources */,
				1F62D7231B35AA8100522021 /* porta.png in Resources */,
				1CD998ED1B2F69FA000968A1 /* Images.xcassets in Resources */,
				1F62D7641B35B1F600522021 /* anel.mp3 in Resources */,
				1F62D7211B35AA8100522021 /* planeta.png in Resources */,
				1F62D7131B35AA8100522021 /* guarda-chuva.png in Resources */,
				1F62D7101B35AA8100522021 /* foguete.png in Resources */,
				1F62D76B1B35B1F600522021 /* bola.mp3 in Resources */,
				1F62D7901B35B1F600522021 /* sol.mp3 in Resources */,
				1F62D7111B35AA8100522021 /* folha.png in Resources */,
				1F62D7071B35AA8100522021 /* caminhão.png in Resources */,
				1F62D7761B35B1F600522021 /* foguete.mp3 in Resources */,
				1F62D7731B35B1F600522021 /* coelho.mp3 in Resources */,
				1F62D6FE1B35AA8100522021 /* anel.png in Resources */,
				1F62D72C1B35AA8100522021 /* tesoura.png in Resources */,
				1F62D71F1B35AA8100522021 /* olhos.png in Resources */,
				1F62D7171B35AA8100522021 /* maçã.png in Resources */,
			);
			runOnlyForDeploymentPostprocessing = 0;
		};
		1CD998F31B2F69FA000968A1 /* Resources */ = {
			isa = PBXResourcesBuildPhase;
			buildActionMask = 2147483647;
			files = (
				1C9870AB1B36FDF700E54093 /* Pods-Psico-Kids.release.xcconfig in Resources */,
				1C9870A91B36FDF700E54093 /* Pods-Psico-Kids.debug.xcconfig in Resources */,
			);
			runOnlyForDeploymentPostprocessing = 0;
		};
/* End PBXResourcesBuildPhase section */

/* Begin PBXShellScriptBuildPhase section */
		271666624F8B517DDF9DDDD4 /* Embed Pods Frameworks */ = {
			isa = PBXShellScriptBuildPhase;
			buildActionMask = 2147483647;
			files = (
			);
			inputPaths = (
			);
			name = "Embed Pods Frameworks";
			outputPaths = (
			);
			runOnlyForDeploymentPostprocessing = 0;
			shellPath = /bin/sh;
			shellScript = "\"${SRCROOT}/Pods/Target Support Files/Pods-Psico-Kids/Pods-Psico-Kids-frameworks.sh\"\n";
			showEnvVarsInLog = 0;
		};
		2CC43CEEF8DDD323642E2BE6 /* Copy Pods Resources */ = {
			isa = PBXShellScriptBuildPhase;
			buildActionMask = 2147483647;
			files = (
			);
			inputPaths = (
			);
			name = "Copy Pods Resources";
			outputPaths = (
			);
			runOnlyForDeploymentPostprocessing = 0;
			shellPath = /bin/sh;
			shellScript = "\"${SRCROOT}/Pods/Target Support Files/Pods-Psico-Kids/Pods-Psico-Kids-resources.sh\"\n";
			showEnvVarsInLog = 0;
		};
		2D0A1FBA5A119472CD8F5E2C /* Copy Pods Resources */ = {
			isa = PBXShellScriptBuildPhase;
			buildActionMask = 2147483647;
			files = (
			);
			inputPaths = (
			);
			name = "Copy Pods Resources";
			outputPaths = (
			);
			runOnlyForDeploymentPostprocessing = 0;
			shellPath = /bin/sh;
			shellScript = "\"${SRCROOT}/Pods/Target Support Files/Pods-Psico-KidsTests/Pods-Psico-KidsTests-resources.sh\"\n";
			showEnvVarsInLog = 0;
		};
		7A116E2E1F1182A55C9B199C /* Check Pods Manifest.lock */ = {
			isa = PBXShellScriptBuildPhase;
			buildActionMask = 2147483647;
			files = (
			);
			inputPaths = (
			);
			name = "Check Pods Manifest.lock";
			outputPaths = (
			);
			runOnlyForDeploymentPostprocessing = 0;
			shellPath = /bin/sh;
			shellScript = "diff \"${PODS_ROOT}/../Podfile.lock\" \"${PODS_ROOT}/Manifest.lock\" > /dev/null\nif [[ $? != 0 ]] ; then\n    cat << EOM\nerror: The sandbox is not in sync with the Podfile.lock. Run 'pod install' or update your CocoaPods installation.\nEOM\n    exit 1\nfi\n";
			showEnvVarsInLog = 0;
		};
		E92C991C0180AAAB863028D7 /* Check Pods Manifest.lock */ = {
			isa = PBXShellScriptBuildPhase;
			buildActionMask = 2147483647;
			files = (
			);
			inputPaths = (
			);
			name = "Check Pods Manifest.lock";
			outputPaths = (
			);
			runOnlyForDeploymentPostprocessing = 0;
			shellPath = /bin/sh;
			shellScript = "diff \"${PODS_ROOT}/../Podfile.lock\" \"${PODS_ROOT}/Manifest.lock\" > /dev/null\nif [[ $? != 0 ]] ; then\n    cat << EOM\nerror: The sandbox is not in sync with the Podfile.lock. Run 'pod install' or update your CocoaPods installation.\nEOM\n    exit 1\nfi\n";
			showEnvVarsInLog = 0;
		};
		F0444B9226BBD6C89C8D5938 /* Embed Pods Frameworks */ = {
			isa = PBXShellScriptBuildPhase;
			buildActionMask = 2147483647;
			files = (
			);
			inputPaths = (
			);
			name = "Embed Pods Frameworks";
			outputPaths = (
			);
			runOnlyForDeploymentPostprocessing = 0;
			shellPath = /bin/sh;
			shellScript = "\"${SRCROOT}/Pods/Target Support Files/Pods-Psico-KidsTests/Pods-Psico-KidsTests-frameworks.sh\"\n";
			showEnvVarsInLog = 0;
		};
/* End PBXShellScriptBuildPhase section */

/* Begin PBXSourcesBuildPhase section */
		1CD998DC1B2F69FA000968A1 /* Sources */ = {
			isa = PBXSourcesBuildPhase;
			buildActionMask = 2147483647;
			files = (
				1CD9990A1B2F7251000968A1 /* CreateProfileViewController.swift in Sources */,
				1CD998E81B2F69FA000968A1 /* ViewController.swift in Sources */,
				E49121451B30B44400B4DBAD /* FileManager.swift in Sources */,
				1C9870511B34746500E54093 /* KidProfileViewController.swift in Sources */,
				1CD998E61B2F69FA000968A1 /* AppDelegate.swift in Sources */,
				1F2CEF181B30C763006B3D6D /* Object.swift in Sources */,
				E49121411B30B2E000B4DBAD /* QuizViewController.swift in Sources */,
				1CD9990C1B2F93B3000968A1 /* KidTableViewCell.swift in Sources */,
				1F2CEF171B30C763006B3D6D /* ObjectList.swift in Sources */,
				1F74A4051B38C9A100C40710 /* Child.swift in Sources */,
				E49885B31B348EE100A5AFEC /* QuestionRecord.swift in Sources */,
				1CD999081B2F6B90000968A1 /* KidsTableViewController.swift in Sources */,
				1FE0E8BF1B3841C1002984D7 /* Functions.swift in Sources */,
			);
			runOnlyForDeploymentPostprocessing = 0;
		};
		1CD998F11B2F69FA000968A1 /* Sources */ = {
			isa = PBXSourcesBuildPhase;
			buildActionMask = 2147483647;
			files = (
				1CD998FC1B2F69FA000968A1 /* Psico_KidsTests.swift in Sources */,
			);
			runOnlyForDeploymentPostprocessing = 0;
		};
/* End PBXSourcesBuildPhase section */

/* Begin PBXTargetDependency section */
		1CD998F71B2F69FA000968A1 /* PBXTargetDependency */ = {
			isa = PBXTargetDependency;
			target = 1CD998DF1B2F69FA000968A1 /* Psico-Kids */;
			targetProxy = 1CD998F61B2F69FA000968A1 /* PBXContainerItemProxy */;
		};
/* End PBXTargetDependency section */

/* Begin PBXVariantGroup section */
		1CD998E91B2F69FA000968A1 /* Main.storyboard */ = {
			isa = PBXVariantGroup;
			children = (
				1CD998EA1B2F69FA000968A1 /* Base */,
			);
			name = Main.storyboard;
			sourceTree = "<group>";
		};
		1CD998EE1B2F69FA000968A1 /* LaunchScreen.xib */ = {
			isa = PBXVariantGroup;
			children = (
				1CD998EF1B2F69FA000968A1 /* Base */,
			);
			name = LaunchScreen.xib;
			sourceTree = "<group>";
		};
/* End PBXVariantGroup section */

/* Begin XCBuildConfiguration section */
		1CD998FD1B2F69FA000968A1 /* Debug */ = {
			isa = XCBuildConfiguration;
			buildSettings = {
				ALWAYS_SEARCH_USER_PATHS = NO;
				CLANG_CXX_LANGUAGE_STANDARD = "gnu++0x";
				CLANG_CXX_LIBRARY = "libc++";
				CLANG_ENABLE_MODULES = YES;
				CLANG_ENABLE_OBJC_ARC = YES;
				CLANG_WARN_BOOL_CONVERSION = YES;
				CLANG_WARN_CONSTANT_CONVERSION = YES;
				CLANG_WARN_DIRECT_OBJC_ISA_USAGE = YES_ERROR;
				CLANG_WARN_EMPTY_BODY = YES;
				CLANG_WARN_ENUM_CONVERSION = YES;
				CLANG_WARN_INT_CONVERSION = YES;
				CLANG_WARN_OBJC_ROOT_CLASS = YES_ERROR;
				CLANG_WARN_UNREACHABLE_CODE = YES;
				CLANG_WARN__DUPLICATE_METHOD_MATCH = YES;
				COPY_PHASE_STRIP = NO;
				DEBUG_INFORMATION_FORMAT = "dwarf-with-dsym";
				ENABLE_STRICT_OBJC_MSGSEND = YES;
				GCC_C_LANGUAGE_STANDARD = gnu99;
				GCC_DYNAMIC_NO_PIC = NO;
				GCC_NO_COMMON_BLOCKS = YES;
				GCC_OPTIMIZATION_LEVEL = 0;
				GCC_PREPROCESSOR_DEFINITIONS = (
					"DEBUG=1",
					"$(inherited)",
				);
				GCC_SYMBOLS_PRIVATE_EXTERN = NO;
				GCC_WARN_64_TO_32_BIT_CONVERSION = YES;
				GCC_WARN_ABOUT_RETURN_TYPE = YES_ERROR;
				GCC_WARN_UNDECLARED_SELECTOR = YES;
				GCC_WARN_UNINITIALIZED_AUTOS = YES_AGGRESSIVE;
				GCC_WARN_UNUSED_FUNCTION = YES;
				GCC_WARN_UNUSED_VARIABLE = YES;
				IPHONEOS_DEPLOYMENT_TARGET = 8.3;
				MTL_ENABLE_DEBUG_INFO = YES;
				ONLY_ACTIVE_ARCH = YES;
				SDKROOT = iphoneos;
				SWIFT_OBJC_BRIDGING_HEADER = "Psico-Kids/BringingHeader.h";
				SWIFT_OPTIMIZATION_LEVEL = "-Onone";
				TARGETED_DEVICE_FAMILY = 2;
				USER_HEADER_SEARCH_PATHS = "";
			};
			name = Debug;
		};
		1CD998FE1B2F69FA000968A1 /* Release */ = {
			isa = XCBuildConfiguration;
			buildSettings = {
				ALWAYS_SEARCH_USER_PATHS = NO;
				CLANG_CXX_LANGUAGE_STANDARD = "gnu++0x";
				CLANG_CXX_LIBRARY = "libc++";
				CLANG_ENABLE_MODULES = YES;
				CLANG_ENABLE_OBJC_ARC = YES;
				CLANG_WARN_BOOL_CONVERSION = YES;
				CLANG_WARN_CONSTANT_CONVERSION = YES;
				CLANG_WARN_DIRECT_OBJC_ISA_USAGE = YES_ERROR;
				CLANG_WARN_EMPTY_BODY = YES;
				CLANG_WARN_ENUM_CONVERSION = YES;
				CLANG_WARN_INT_CONVERSION = YES;
				CLANG_WARN_OBJC_ROOT_CLASS = YES_ERROR;
				CLANG_WARN_UNREACHABLE_CODE = YES;
				CLANG_WARN__DUPLICATE_METHOD_MATCH = YES;
				COPY_PHASE_STRIP = NO;
				DEBUG_INFORMATION_FORMAT = "dwarf-with-dsym";
				ENABLE_NS_ASSERTIONS = NO;
				ENABLE_STRICT_OBJC_MSGSEND = YES;
				GCC_C_LANGUAGE_STANDARD = gnu99;
				GCC_NO_COMMON_BLOCKS = YES;
				GCC_WARN_64_TO_32_BIT_CONVERSION = YES;
				GCC_WARN_ABOUT_RETURN_TYPE = YES_ERROR;
				GCC_WARN_UNDECLARED_SELECTOR = YES;
				GCC_WARN_UNINITIALIZED_AUTOS = YES_AGGRESSIVE;
				GCC_WARN_UNUSED_FUNCTION = YES;
				GCC_WARN_UNUSED_VARIABLE = YES;
				IPHONEOS_DEPLOYMENT_TARGET = 8.3;
				MTL_ENABLE_DEBUG_INFO = NO;
				SDKROOT = iphoneos;
				SWIFT_OBJC_BRIDGING_HEADER = "Psico-Kids/BringingHeader.h";
				TARGETED_DEVICE_FAMILY = 2;
				USER_HEADER_SEARCH_PATHS = "";
				VALIDATE_PRODUCT = YES;
			};
			name = Release;
		};
		1CD999001B2F69FA000968A1 /* Debug */ = {
			isa = XCBuildConfiguration;
			baseConfigurationReference = 1C9870A71B36FDF700E54093 /* Pods-Psico-Kids.release.xcconfig */;
			buildSettings = {
				ASSETCATALOG_COMPILER_APPICON_NAME = "AppIcon-1";
				CODE_SIGN_IDENTITY = "iPhone Developer: Renan Greca (934HSMQRZ4)";
				FRAMEWORK_SEARCH_PATHS = (
					"$(inherited)",
					"$(PROJECT_DIR)/build/Debug-iphoneos/Pods-Psico-Kids",
					"$(PROJECT_DIR)/build/Debug-iphoneos",
				);
				I = "iPhone Developer";
				INFOPLIST_FILE = "Psico-Kids/Info.plist";
				LD_RUNPATH_SEARCH_PATHS = "$(inherited) @executable_path/Frameworks";
				PRODUCT_NAME = "$(TARGET_NAME)";
				PROVISIONING_PROFILE = "f5450877-8ba2-452b-aedf-ab0ea873caa1";
				SWIFT_OBJC_BRIDGING_HEADER = "";
			};
			name = Debug;
		};
		1CD999011B2F69FA000968A1 /* Release */ = {
			isa = XCBuildConfiguration;
			baseConfigurationReference = 1C9870A71B36FDF700E54093 /* Pods-Psico-Kids.release.xcconfig */;
			buildSettings = {
				ASSETCATALOG_COMPILER_APPICON_NAME = "AppIcon-1";
				CODE_SIGN_IDENTITY = "iPhone Developer: Renan Greca (934HSMQRZ4)";
				FRAMEWORK_SEARCH_PATHS = (
					"$(inherited)",
					"$(PROJECT_DIR)/build/Debug-iphoneos/Pods-Psico-Kids",
					"$(PROJECT_DIR)/build/Debug-iphoneos",
				);
				INFOPLIST_FILE = "Psico-Kids/Info.plist";
				LD_RUNPATH_SEARCH_PATHS = "$(inherited) @executable_path/Frameworks";
				PRODUCT_NAME = "$(TARGET_NAME)";
				PROVISIONING_PROFILE = "f5450877-8ba2-452b-aedf-ab0ea873caa1";
				SWIFT_OBJC_BRIDGING_HEADER = "";
			};
			name = Release;
		};
		1CD999031B2F69FA000968A1 /* Debug */ = {
			isa = XCBuildConfiguration;
			baseConfigurationReference = D3D7175110DD9D777E1BD516 /* Pods-Psico-KidsTests.release.xcconfig */;
			buildSettings = {
				BUNDLE_LOADER = "$(TEST_HOST)";
				CODE_SIGN_IDENTITY = "iPhone Developer";
				FRAMEWORK_SEARCH_PATHS = (
					"$(SDKROOT)/Developer/Library/Frameworks",
					"$(inherited)",
				);
				GCC_PREPROCESSOR_DEFINITIONS = (
					"DEBUG=1",
					"$(inherited)",
				);
				INFOPLIST_FILE = "Psico-KidsTests/Info.plist";
				LD_RUNPATH_SEARCH_PATHS = "$(inherited) @executable_path/Frameworks @loader_path/Frameworks";
				PRODUCT_NAME = "$(TARGET_NAME)";
				PROVISIONING_PROFILE = "";
				SWIFT_OBJC_BRIDGING_HEADER = "Psico-Kids/BringingHeader.h";
				TEST_HOST = "$(BUILT_PRODUCTS_DIR)/Psico-Kids.app/Psico-Kids";
			};
			name = Debug;
		};
		1CD999041B2F69FA000968A1 /* Release */ = {
			isa = XCBuildConfiguration;
			baseConfigurationReference = D3D7175110DD9D777E1BD516 /* Pods-Psico-KidsTests.release.xcconfig */;
			buildSettings = {
				BUNDLE_LOADER = "$(TEST_HOST)";
				CODE_SIGN_IDENTITY = "iPhone Developer";
				FRAMEWORK_SEARCH_PATHS = (
					"$(SDKROOT)/Developer/Library/Frameworks",
					"$(inherited)",
				);
				INFOPLIST_FILE = "Psico-KidsTests/Info.plist";
				LD_RUNPATH_SEARCH_PATHS = "$(inherited) @executable_path/Frameworks @loader_path/Frameworks";
				PRODUCT_NAME = "$(TARGET_NAME)";
				PROVISIONING_PROFILE = "";
				SWIFT_OBJC_BRIDGING_HEADER = "Psico-Kids/BringingHeader.h";
				TEST_HOST = "$(BUILT_PRODUCTS_DIR)/Psico-Kids.app/Psico-Kids";
			};
			name = Release;
		};
/* End XCBuildConfiguration section */

/* Begin XCConfigurationList section */
		1CD998DB1B2F69FA000968A1 /* Build configuration list for PBXProject "Psico-Kids" */ = {
			isa = XCConfigurationList;
			buildConfigurations = (
				1CD998FD1B2F69FA000968A1 /* Debug */,
				1CD998FE1B2F69FA000968A1 /* Release */,
			);
			defaultConfigurationIsVisible = 0;
			defaultConfigurationName = Release;
		};
		1CD998FF1B2F69FA000968A1 /* Build configuration list for PBXNativeTarget "Psico-Kids" */ = {
			isa = XCConfigurationList;
			buildConfigurations = (
				1CD999001B2F69FA000968A1 /* Debug */,
				1CD999011B2F69FA000968A1 /* Release */,
			);
			defaultConfigurationIsVisible = 0;
			defaultConfigurationName = Release;
		};
		1CD999021B2F69FA000968A1 /* Build configuration list for PBXNativeTarget "Psico-KidsTests" */ = {
			isa = XCConfigurationList;
			buildConfigurations = (
				1CD999031B2F69FA000968A1 /* Debug */,
				1CD999041B2F69FA000968A1 /* Release */,
			);
			defaultConfigurationIsVisible = 0;
			defaultConfigurationName = Release;
		};
/* End XCConfigurationList section */
	};
	rootObject = 1CD998D81B2F69FA000968A1 /* Project object */;
}
